// !$*UTF8*$!
{
	archiveVersion = 1;
	classes = {
	};
	objectVersion = 46;
	objects = {

/* Begin PBXBuildFile section */
		3828C7C21C7A92190011840B /* main.m in Sources */ = {isa = PBXBuildFile; fileRef = 3828C7C11C7A92190011840B /* main.m */; };
		3828C7C51C7A92190011840B /* AppDelegate.m in Sources */ = {isa = PBXBuildFile; fileRef = 3828C7C41C7A92190011840B /* AppDelegate.m */; };
		3828C7CB1C7A92190011840B /* Main.storyboard in Resources */ = {isa = PBXBuildFile; fileRef = 3828C7C91C7A92190011840B /* Main.storyboard */; };
		3828C7CD1C7A92190011840B /* Assets.xcassets in Resources */ = {isa = PBXBuildFile; fileRef = 3828C7CC1C7A92190011840B /* Assets.xcassets */; };
		38AD5B5F1C7AF5EE00EEA424 /* Images.xcassets in Resources */ = {isa = PBXBuildFile; fileRef = 38AD5B5E1C7AF5EE00EEA424 /* Images.xcassets */; };
		38AD5B691C7E59E500EEA424 /* MCMainMenuViewController.m in Sources */ = {isa = PBXBuildFile; fileRef = 38AD5B681C7E59E500EEA424 /* MCMainMenuViewController.m */; };
		38AD5B6D1C7E6F0200EEA424 /* MCSearchColorsViewController.m in Sources */ = {isa = PBXBuildFile; fileRef = 38AD5B6C1C7E6F0200EEA424 /* MCSearchColorsViewController.m */; };
		38AD5B711C7E8DF500EEA424 /* MCAPI.m in Sources */ = {isa = PBXBuildFile; fileRef = 38AD5B701C7E8DF500EEA424 /* MCAPI.m */; };
		75D5C855CC00C4DA89996448 /* libPods.a in Frameworks */ = {isa = PBXBuildFile; fileRef = C8413CC1E290849BA31ED4F1 /* libPods.a */; };
/* End PBXBuildFile section */

/* Begin PBXFileReference section */
		3828C7BD1C7A92190011840B /* MasterColor.app */ = {isa = PBXFileReference; explicitFileType = wrapper.application; includeInIndex = 0; path = MasterColor.app; sourceTree = BUILT_PRODUCTS_DIR; };
		3828C7C11C7A92190011840B /* main.m */ = {isa = PBXFileReference; lastKnownFileType = sourcecode.c.objc; path = main.m; sourceTree = "<group>"; };
		3828C7C31C7A92190011840B /* AppDelegate.h */ = {isa = PBXFileReference; lastKnownFileType = sourcecode.c.h; path = AppDelegate.h; sourceTree = "<group>"; };
		3828C7C41C7A92190011840B /* AppDelegate.m */ = {isa = PBXFileReference; lastKnownFileType = sourcecode.c.objc; path = AppDelegate.m; sourceTree = "<group>"; };
		3828C7CA1C7A92190011840B /* Base */ = {isa = PBXFileReference; lastKnownFileType = file.storyboard; name = Base; path = Base.lproj/Main.storyboard; sourceTree = "<group>"; };
		3828C7CC1C7A92190011840B /* Assets.xcassets */ = {isa = PBXFileReference; lastKnownFileType = folder.assetcatalog; path = Assets.xcassets; sourceTree = "<group>"; };
		3828C7D11C7A92190011840B /* Info.plist */ = {isa = PBXFileReference; lastKnownFileType = text.plist.xml; path = Info.plist; sourceTree = "<group>"; };
		38AD5B5E1C7AF5EE00EEA424 /* Images.xcassets */ = {isa = PBXFileReference; lastKnownFileType = folder.assetcatalog; path = Images.xcassets; sourceTree = "<group>"; };
		38AD5B671C7E59E500EEA424 /* MCMainMenuViewController.h */ = {isa = PBXFileReference; fileEncoding = 4; lastKnownFileType = sourcecode.c.h; name = MCMainMenuViewController.h; path = "View Controllers/MCMainMenuViewController.h"; sourceTree = "<group>"; };
		38AD5B681C7E59E500EEA424 /* MCMainMenuViewController.m */ = {isa = PBXFileReference; fileEncoding = 4; lastKnownFileType = sourcecode.c.objc; name = MCMainMenuViewController.m; path = "View Controllers/MCMainMenuViewController.m"; sourceTree = "<group>"; };
		38AD5B6B1C7E6F0200EEA424 /* MCSearchColorsViewController.h */ = {isa = PBXFileReference; fileEncoding = 4; lastKnownFileType = sourcecode.c.h; name = MCSearchColorsViewController.h; path = "View Controllers/MCSearchColorsViewController.h"; sourceTree = "<group>"; };
		38AD5B6C1C7E6F0200EEA424 /* MCSearchColorsViewController.m */ = {isa = PBXFileReference; fileEncoding = 4; lastKnownFileType = sourcecode.c.objc; name = MCSearchColorsViewController.m; path = "View Controllers/MCSearchColorsViewController.m"; sourceTree = "<group>"; };
		38AD5B6F1C7E8DF500EEA424 /* MCAPI.h */ = {isa = PBXFileReference; fileEncoding = 4; lastKnownFileType = sourcecode.c.h; name = MCAPI.h; path = Engines/MCAPI.h; sourceTree = "<group>"; };
		38AD5B701C7E8DF500EEA424 /* MCAPI.m */ = {isa = PBXFileReference; fileEncoding = 4; lastKnownFileType = sourcecode.c.objc; name = MCAPI.m; path = Engines/MCAPI.m; sourceTree = "<group>"; };
		9B0B3B4200CD6EEDFAACABFC /* Pods.debug.xcconfig */ = {isa = PBXFileReference; includeInIndex = 1; lastKnownFileType = text.xcconfig; name = Pods.debug.xcconfig; path = "Pods/Target Support Files/Pods/Pods.debug.xcconfig"; sourceTree = "<group>"; };
		A47F2FFE0A7CD5C6583EE1DF /* Pods.release.xcconfig */ = {isa = PBXFileReference; includeInIndex = 1; lastKnownFileType = text.xcconfig; name = Pods.release.xcconfig; path = "Pods/Target Support Files/Pods/Pods.release.xcconfig"; sourceTree = "<group>"; };
		C8413CC1E290849BA31ED4F1 /* libPods.a */ = {isa = PBXFileReference; explicitFileType = archive.ar; includeInIndex = 0; path = libPods.a; sourceTree = BUILT_PRODUCTS_DIR; };
/* End PBXFileReference section */

/* Begin PBXFrameworksBuildPhase section */
		3828C7BA1C7A92190011840B /* Frameworks */ = {
			isa = PBXFrameworksBuildPhase;
			buildActionMask = 2147483647;
			files = (
				75D5C855CC00C4DA89996448 /* libPods.a in Frameworks */,
			);
			runOnlyForDeploymentPostprocessing = 0;
		};
/* End PBXFrameworksBuildPhase section */

/* Begin PBXGroup section */
		3828C7B41C7A92190011840B = {
			isa = PBXGroup;
			children = (
				3828C7BF1C7A92190011840B /* MasterColor */,
				3828C7BE1C7A92190011840B /* Products */,
				C52303CF7718BE770CB4BEF2 /* Pods */,
				F17CE872ACD871DC9996969D /* Frameworks */,
			);
			sourceTree = "<group>";
		};
		3828C7BE1C7A92190011840B /* Products */ = {
			isa = PBXGroup;
			children = (
				3828C7BD1C7A92190011840B /* MasterColor.app */,
			);
			name = Products;
			sourceTree = "<group>";
		};
		3828C7BF1C7A92190011840B /* MasterColor */ = {
			isa = PBXGroup;
			children = (
				38AD5B6E1C7E8B7400EEA424 /* Engines */,
				3828C7C31C7A92190011840B /* AppDelegate.h */,
				3828C7C41C7A92190011840B /* AppDelegate.m */,
				3828C7CC1C7A92190011840B /* Assets.xcassets */,
				38AD5B5E1C7AF5EE00EEA424 /* Images.xcassets */,
				3828C7C91C7A92190011840B /* Main.storyboard */,
				38AD5B6A1C7E5A5300EEA424 /* View Controller */,
				3828C7C01C7A92190011840B /* Supporting Files */,
			);
			path = MasterColor;
			sourceTree = "<group>";
		};
		3828C7C01C7A92190011840B /* Supporting Files */ = {
			isa = PBXGroup;
			children = (
				3828C7D11C7A92190011840B /* Info.plist */,
				3828C7C11C7A92190011840B /* main.m */,
			);
			name = "Supporting Files";
			sourceTree = "<group>";
		};
		38AD5B6A1C7E5A5300EEA424 /* View Controller */ = {
			isa = PBXGroup;
			children = (
				38AD5B671C7E59E500EEA424 /* MCMainMenuViewController.h */,
				38AD5B681C7E59E500EEA424 /* MCMainMenuViewController.m */,
				38AD5B6B1C7E6F0200EEA424 /* MCSearchColorsViewController.h */,
				38AD5B6C1C7E6F0200EEA424 /* MCSearchColorsViewController.m */,
			);
			name = "View Controller";
			sourceTree = "<group>";
		};
		38AD5B6E1C7E8B7400EEA424 /* Engines */ = {
			isa = PBXGroup;
			children = (
				38AD5B6F1C7E8DF500EEA424 /* MCAPI.h */,
				38AD5B701C7E8DF500EEA424 /* MCAPI.m */,
			);
			name = Engines;
			sourceTree = "<group>";
		};
		C52303CF7718BE770CB4BEF2 /* Pods */ = {
			isa = PBXGroup;
			children = (
				9B0B3B4200CD6EEDFAACABFC /* Pods.debug.xcconfig */,
				A47F2FFE0A7CD5C6583EE1DF /* Pods.release.xcconfig */,
			);
			name = Pods;
			sourceTree = "<group>";
		};
		F17CE872ACD871DC9996969D /* Frameworks */ = {
			isa = PBXGroup;
			children = (
				C8413CC1E290849BA31ED4F1 /* libPods.a */,
			);
			name = Frameworks;
			sourceTree = "<group>";
		};
/* End PBXGroup section */

/* Begin PBXNativeTarget section */
		3828C7BC1C7A92190011840B /* MasterColor */ = {
			isa = PBXNativeTarget;
			buildConfigurationList = 3828C7D41C7A92190011840B /* Build configuration list for PBXNativeTarget "MasterColor" */;
			buildPhases = (
				50B48792A571D0FB9786E6AA /* Check Pods Manifest.lock */,
				3828C7B91C7A92190011840B /* Sources */,
				3828C7BA1C7A92190011840B /* Frameworks */,
				3828C7BB1C7A92190011840B /* Resources */,
				B658A0712835FCF6F2E8173A /* Embed Pods Frameworks */,
				4F398392B4A082F27E3799B2 /* Copy Pods Resources */,
			);
			buildRules = (
			);
			dependencies = (
			);
			name = MasterColor;
			productName = MasterColor;
			productReference = 3828C7BD1C7A92190011840B /* MasterColor.app */;
			productType = "com.apple.product-type.application";
		};
/* End PBXNativeTarget section */

/* Begin PBXProject section */
		3828C7B51C7A92190011840B /* Project object */ = {
			isa = PBXProject;
			attributes = {
				CLASSPREFIX = MC;
				LastUpgradeCheck = 0720;
				ORGANIZATIONNAME = MAS;
				TargetAttributes = {
					3828C7BC1C7A92190011840B = {
						CreatedOnToolsVersion = 7.2;
					};
				};
			};
			buildConfigurationList = 3828C7B81C7A92190011840B /* Build configuration list for PBXProject "MasterColor" */;
			compatibilityVersion = "Xcode 3.2";
			developmentRegion = English;
			hasScannedForEncodings = 0;
			knownRegions = (
				en,
				Base,
			);
			mainGroup = 3828C7B41C7A92190011840B;
			productRefGroup = 3828C7BE1C7A92190011840B /* Products */;
			projectDirPath = "";
			projectRoot = "";
			targets = (
				3828C7BC1C7A92190011840B /* MasterColor */,
			);
		};
/* End PBXProject section */

/* Begin PBXResourcesBuildPhase section */
		3828C7BB1C7A92190011840B /* Resources */ = {
			isa = PBXResourcesBuildPhase;
			buildActionMask = 2147483647;
			files = (
				38AD5B5F1C7AF5EE00EEA424 /* Images.xcassets in Resources */,
				3828C7CD1C7A92190011840B /* Assets.xcassets in Resources */,
				3828C7CB1C7A92190011840B /* Main.storyboard in Resources */,
			);
			runOnlyForDeploymentPostprocessing = 0;
		};
/* End PBXResourcesBuildPhase section */

/* Begin PBXShellScriptBuildPhase section */
		4F398392B4A082F27E3799B2 /* Copy Pods Resources */ = {
			isa = PBXShellScriptBuildPhase;
			buildActionMask = 2147483647;
			files = (
			);
			inputPaths = (
			);
			name = "Copy Pods Resources";
			outputPaths = (
			);
			runOnlyForDeploymentPostprocessing = 0;
			shellPath = /bin/sh;
			shellScript = "\"${SRCROOT}/Pods/Target Support Files/Pods/Pods-resources.sh\"\n";
			showEnvVarsInLog = 0;
		};
		50B48792A571D0FB9786E6AA /* Check Pods Manifest.lock */ = {
			isa = PBXShellScriptBuildPhase;
			buildActionMask = 2147483647;
			files = (
			);
			inputPaths = (
			);
			name = "Check Pods Manifest.lock";
			outputPaths = (
			);
			runOnlyForDeploymentPostprocessing = 0;
			shellPath = /bin/sh;
			shellScript = "diff \"${PODS_ROOT}/../Podfile.lock\" \"${PODS_ROOT}/Manifest.lock\" > /dev/null\nif [[ $? != 0 ]] ; then\n    cat << EOM\nerror: The sandbox is not in sync with the Podfile.lock. Run 'pod install' or update your CocoaPods installation.\nEOM\n    exit 1\nfi\n";
			showEnvVarsInLog = 0;
		};
		B658A0712835FCF6F2E8173A /* Embed Pods Frameworks */ = {
			isa = PBXShellScriptBuildPhase;
			buildActionMask = 2147483647;
			files = (
			);
			inputPaths = (
			);
			name = "Embed Pods Frameworks";
			outputPaths = (
			);
			runOnlyForDeploymentPostprocessing = 0;
			shellPath = /bin/sh;
			shellScript = "\"${SRCROOT}/Pods/Target Support Files/Pods/Pods-frameworks.sh\"\n";
			showEnvVarsInLog = 0;
		};
/* End PBXShellScriptBuildPhase section */

/* Begin PBXSourcesBuildPhase section */
		3828C7B91C7A92190011840B /* Sources */ = {
			isa = PBXSourcesBuildPhase;
			buildActionMask = 2147483647;
			files = (
				38AD5B711C7E8DF500EEA424 /* MCAPI.m in Sources */,
				38AD5B691C7E59E500EEA424 /* MCMainMenuViewController.m in Sources */,
				3828C7C51C7A92190011840B /* AppDelegate.m in Sources */,
				38AD5B6D1C7E6F0200EEA424 /* MCSearchColorsViewController.m in Sources */,
				3828C7C21C7A92190011840B /* main.m in Sources */,
			);
			runOnlyForDeploymentPostprocessing = 0;
		};
/* End PBXSourcesBuildPhase section */

/* Begin PBXVariantGroup section */
		3828C7C91C7A92190011840B /* Main.storyboard */ = {
			isa = PBXVariantGroup;
			children = (
				3828C7CA1C7A92190011840B /* Base */,
			);
			name = Main.storyboard;
			sourceTree = "<group>";
		};
/* End PBXVariantGroup section */

/* Begin XCBuildConfiguration section */
		3828C7D21C7A92190011840B /* Debug */ = {
			isa = XCBuildConfiguration;
			buildSettings = {
				ALWAYS_SEARCH_USER_PATHS = NO;
				CLANG_CXX_LANGUAGE_STANDARD = "gnu++0x";
				CLANG_CXX_LIBRARY = "libc++";
				CLANG_ENABLE_MODULES = YES;
				CLANG_ENABLE_OBJC_ARC = YES;
				CLANG_WARN_BOOL_CONVERSION = YES;
				CLANG_WARN_CONSTANT_CONVERSION = YES;
				CLANG_WARN_DIRECT_OBJC_ISA_USAGE = YES_ERROR;
				CLANG_WARN_EMPTY_BODY = YES;
				CLANG_WARN_ENUM_CONVERSION = YES;
				CLANG_WARN_INT_CONVERSION = YES;
				CLANG_WARN_OBJC_ROOT_CLASS = YES_ERROR;
				CLANG_WARN_UNREACHABLE_CODE = YES;
				CLANG_WARN__DUPLICATE_METHOD_MATCH = YES;
				"CODE_SIGN_IDENTITY[sdk=iphoneos*]" = "iPhone Developer";
				COPY_PHASE_STRIP = NO;
				DEBUG_INFORMATION_FORMAT = dwarf;
				ENABLE_STRICT_OBJC_MSGSEND = YES;
				ENABLE_TESTABILITY = YES;
				GCC_C_LANGUAGE_STANDARD = gnu99;
				GCC_DYNAMIC_NO_PIC = NO;
				GCC_NO_COMMON_BLOCKS = YES;
				GCC_OPTIMIZATION_LEVEL = 0;
				GCC_PREPROCESSOR_DEFINITIONS = (
					"DEBUG=1",
					"$(inherited)",
				);
				GCC_WARN_64_TO_32_BIT_CONVERSION = YES;
				GCC_WARN_ABOUT_RETURN_TYPE = YES_ERROR;
				GCC_WARN_UNDECLARED_SELECTOR = YES;
				GCC_WARN_UNINITIALIZED_AUTOS = YES_AGGRESSIVE;
				GCC_WARN_UNUSED_FUNCTION = YES;
				GCC_WARN_UNUSED_VARIABLE = YES;
				IPHONEOS_DEPLOYMENT_TARGET = 9.2;
				MTL_ENABLE_DEBUG_INFO = YES;
				ONLY_ACTIVE_ARCH = YES;
				SDKROOT = iphoneos;
			};
			name = Debug;
		};
		3828C7D31C7A92190011840B /* Release */ = {
			isa = XCBuildConfiguration;
			buildSettings = {
				ALWAYS_SEARCH_USER_PATHS = NO;
				CLANG_CXX_LANGUAGE_STANDARD = "gnu++0x";
				CLANG_CXX_LIBRARY = "libc++";
				CLANG_ENABLE_MODULES = YES;
				CLANG_ENABLE_OBJC_ARC = YES;
				CLANG_WARN_BOOL_CONVERSION = YES;
				CLANG_WARN_CONSTANT_CONVERSION = YES;
				CLANG_WARN_DIRECT_OBJC_ISA_USAGE = YES_ERROR;
				CLANG_WARN_EMPTY_BODY = YES;
				CLANG_WARN_ENUM_CONVERSION = YES;
				CLANG_WARN_INT_CONVERSION = YES;
				CLANG_WARN_OBJC_ROOT_CLASS = YES_ERROR;
				CLANG_WARN_UNREACHABLE_CODE = YES;
				CLANG_WARN__DUPLICATE_METHOD_MATCH = YES;
				"CODE_SIGN_IDENTITY[sdk=iphoneos*]" = "iPhone Developer";
				COPY_PHASE_STRIP = NO;
				DEBUG_INFORMATION_FORMAT = "dwarf-with-dsym";
				ENABLE_NS_ASSERTIONS = NO;
				ENABLE_STRICT_OBJC_MSGSEND = YES;
				GCC_C_LANGUAGE_STANDARD = gnu99;
				GCC_NO_COMMON_BLOCKS = YES;
				GCC_WARN_64_TO_32_BIT_CONVERSION = YES;
				GCC_WARN_ABOUT_RETURN_TYPE = YES_ERROR;
				GCC_WARN_UNDECLARED_SELECTOR = YES;
				GCC_WARN_UNINITIALIZED_AUTOS = YES_AGGRESSIVE;
				GCC_WARN_UNUSED_FUNCTION = YES;
				GCC_WARN_UNUSED_VARIABLE = YES;
				IPHONEOS_DEPLOYMENT_TARGET = 9.2;
				MTL_ENABLE_DEBUG_INFO = NO;
				SDKROOT = iphoneos;
				VALIDATE_PRODUCT = YES;
			};
			name = Release;
		};
		3828C7D51C7A92190011840B /* Debug */ = {
			isa = XCBuildConfiguration;
			baseConfigurationReference = 9B0B3B4200CD6EEDFAACABFC /* Pods.debug.xcconfig */;
			buildSettings = {
				ASSETCATALOG_COMPILER_APPICON_NAME = AppIcon;
				ASSETCATALOG_COMPILER_LAUNCHIMAGE_NAME = LaunchImage;
				INFOPLIST_FILE = MasterColor/Info.plist;
				LD_RUNPATH_SEARCH_PATHS = "$(inherited) @executable_path/Frameworks";
				PRODUCT_BUNDLE_IDENTIFIER = MAS.MasterColor;
				PRODUCT_NAME = "$(TARGET_NAME)";
			};
			name = Debug;
		};
		3828C7D61C7A92190011840B /* Release */ = {
			isa = XCBuildConfiguration;
			baseConfigurationReference = A47F2FFE0A7CD5C6583EE1DF /* Pods.release.xcconfig */;
			buildSettings = {
				ASSETCATALOG_COMPILER_APPICON_NAME = AppIcon;
				ASSETCATALOG_COMPILER_LAUNCHIMAGE_NAME = LaunchImage;
				INFOPLIST_FILE = MasterColor/Info.plist;
				LD_RUNPATH_SEARCH_PATHS = "$(inherited) @executable_path/Frameworks";
				PRODUCT_BUNDLE_IDENTIFIER = MAS.MasterColor;
				PRODUCT_NAME = "$(TARGET_NAME)";
			};
			name = Release;
		};
/* End XCBuildConfiguration section */

/* Begin XCConfigurationList section */
		3828C7B81C7A92190011840B /* Build configuration list for PBXProject "MasterColor" */ = {
			isa = XCConfigurationList;
			buildConfigurations = (
				3828C7D21C7A92190011840B /* Debug */,
				3828C7D31C7A92190011840B /* Release */,
			);
			defaultConfigurationIsVisible = 0;
			defaultConfigurationName = Release;
		};
		3828C7D41C7A92190011840B /* Build configuration list for PBXNativeTarget "MasterColor" */ = {
			isa = XCConfigurationList;
			buildConfigurations = (
				3828C7D51C7A92190011840B /* Debug */,
				3828C7D61C7A92190011840B /* Release */,
			);
			defaultConfigurationIsVisible = 0;
			defaultConfigurationName = Release;
		};
/* End XCConfigurationList section */
	};
	rootObject = 3828C7B51C7A92190011840B /* Project object */;
}
